
Microsoft Visual Studio Solution File, Format Version 12.00
# Visual Studio Version 17
VisualStudioVersion = 17.8.34316.72
MinimumVisualStudioVersion = 10.0.40219.1
Project("{9A19103F-16F7-4668-BE54-9A1E7A4F7556}") = "MyString", "MyString\MyString.csproj", "{C0016721-3755-4A72-A97B-6AAB94C3C505}"
EndProject
Project("{9A19103F-16F7-4668-BE54-9A1E7A4F7556}") = "MyString.UnitTests", "MyString.UnitTests\MyString.UnitTests.csproj", "{664C98B5-0F99-44F7-8916-7A17F5EA83EA}"
EndProject
Project("{FAE04EC0-301F-11D3-BF4B-00C04F79EFBC}") = "MyString.BenchmarkTests", "MyString.BenchmarkTests\MyString.BenchmarkTests.csproj", "{DB2AC051-8537-474D-8B81-A3CFCDC9C5CD}"
EndProject
Global
	GlobalSection(SolutionConfigurationPlatforms) = preSolution
		Debug|Any CPU = Debug|Any CPU
		Release|Any CPU = Release|Any CPU
	EndGlobalSection
	GlobalSection(ProjectConfigurationPlatforms) = postSolution
		{C0016721-3755-4A72-A97B-6AAB94C3C505}.Debug|Any CPU.ActiveCfg = Debug|Any CPU
		{C0016721-3755-4A72-A97B-6AAB94C3C505}.Debug|Any CPU.Build.0 = Debug|Any CPU
		{C0016721-3755-4A72-A97B-6AAB94C3C505}.Release|Any CPU.ActiveCfg = Release|Any CPU
		{C0016721-3755-4A72-A97B-6AAB94C3C505}.Release|Any CPU.Build.0 = Release|Any CPU
		{664C98B5-0F99-44F7-8916-7A17F5EA83EA}.Debug|Any CPU.ActiveCfg = Debug|Any CPU
		{664C98B5-0F99-44F7-8916-7A17F5EA83EA}.Debug|Any CPU.Build.0 = Debug|Any CPU
		{664C98B5-0F99-44F7-8916-7A17F5EA83EA}.Release|Any CPU.ActiveCfg = Release|Any CPU
		{664C98B5-0F99-44F7-8916-7A17F5EA83EA}.Release|Any CPU.Build.0 = Release|Any CPU
		{DB2AC051-8537-474D-8B81-A3CFCDC9C5CD}.Debug|Any CPU.ActiveCfg = Debug|Any CPU
		{DB2AC051-8537-474D-8B81-A3CFCDC9C5CD}.Debug|Any CPU.Build.0 = Debug|Any CPU
		{DB2AC051-8537-474D-8B81-A3CFCDC9C5CD}.Release|Any CPU.ActiveCfg = Release|Any CPU
		{DB2AC051-8537-474D-8B81-A3CFCDC9C5CD}.Release|Any CPU.Build.0 = Release|Any CPU
	EndGlobalSection
	GlobalSection(SolutionProperties) = preSolution
		HideSolutionNode = FALSE
	EndGlobalSection
	GlobalSection(ExtensibilityGlobals) = postSolution
		SolutionGuid = {998EEEAA-7543-4E6A-9C5A-223BC75A50FA}
	EndGlobalSection
EndGlobal
